// !$*UTF8*$!
{
	archiveVersion = 1;
	classes = {
	};
	objectVersion = 77;
	objects = {

/* Begin PBXBuildFile section */
		369A3C542E4A2A7600996D15 /* HostingView in Frameworks */ = {isa = PBXBuildFile; productRef = 369A3C532E4A2A7600996D15 /* HostingView */; };
		36CF10B42E4B64C30014419D /* RxFlow in Frameworks */ = {isa = PBXBuildFile; productRef = 36CF10B32E4B64C30014419D /* RxFlow */; };
		B534097C2E4316380029C85E /* SnapKit in Frameworks */ = {isa = PBXBuildFile; productRef = B534097B2E4316380029C85E /* SnapKit */; };
		B534097F2E4316430029C85E /* Then in Frameworks */ = {isa = PBXBuildFile; productRef = B534097E2E4316430029C85E /* Then */; };
		B53409822E4316510029C85E /* ReactorKit in Frameworks */ = {isa = PBXBuildFile; productRef = B53409812E4316510029C85E /* ReactorKit */; };
		B53409852E4316670029C85E /* RxCocoa in Frameworks */ = {isa = PBXBuildFile; productRef = B53409842E4316670029C85E /* RxCocoa */; };
		B53409872E4316670029C85E /* RxRelay in Frameworks */ = {isa = PBXBuildFile; productRef = B53409862E4316670029C85E /* RxRelay */; };
		B53409892E4316670029C85E /* RxSwift in Frameworks */ = {isa = PBXBuildFile; productRef = B53409882E4316670029C85E /* RxSwift */; };
		B534098C2E4317340029C85E /* .swiftlint.yml in Resources */ = {isa = PBXBuildFile; fileRef = B534098B2E4317340029C85E /* .swiftlint.yml */; };
		B534098E2E4319920029C85E /* .editorconfig in Resources */ = {isa = PBXBuildFile; fileRef = B534098D2E4319920029C85E /* .editorconfig */; };
		B5340DAF2E4375E30029C85E /* Config.xcconfig in Resources */ = {isa = PBXBuildFile; fileRef = B5340DAE2E4375E30029C85E /* Config.xcconfig */; };
		B53410762E445FED0029C85E /* RxMoya in Frameworks */ = {isa = PBXBuildFile; productRef = B53410752E445FED0029C85E /* RxMoya */; };
		B57A371D2E4B5C7E002A87E7 /* RxFlow in Frameworks */ = {isa = PBXBuildFile; productRef = B57A371C2E4B5C7E002A87E7 /* RxFlow */; };
/* End PBXBuildFile section */

/* Begin PBXFileReference section */
		B534095F2E4313F50029C85E /* SajaWeather.app */ = {isa = PBXFileReference; explicitFileType = wrapper.application; includeInIndex = 0; path = SajaWeather.app; sourceTree = BUILT_PRODUCTS_DIR; };
		B534098B2E4317340029C85E /* .swiftlint.yml */ = {isa = PBXFileReference; lastKnownFileType = text.yaml; path = .swiftlint.yml; sourceTree = "<group>"; };
		B534098D2E4319920029C85E /* .editorconfig */ = {isa = PBXFileReference; lastKnownFileType = text; path = .editorconfig; sourceTree = "<group>"; };
		B5340DAE2E4375E30029C85E /* Config.xcconfig */ = {isa = PBXFileReference; lastKnownFileType = text.xcconfig; path = Config.xcconfig; sourceTree = "<group>"; };
/* End PBXFileReference section */

/* Begin PBXFileSystemSynchronizedBuildFileExceptionSet section */
		B53409712E4313F70029C85E /* Exceptions for "SajaWeather" folder in "SajaWeather" target */ = {
			isa = PBXFileSystemSynchronizedBuildFileExceptionSet;
			membershipExceptions = (
				Info.plist,
			);
			target = B534095E2E4313F50029C85E /* SajaWeather */;
		};
/* End PBXFileSystemSynchronizedBuildFileExceptionSet section */

/* Begin PBXFileSystemSynchronizedRootGroup section */
		B53409612E4313F50029C85E /* SajaWeather */ = {
			isa = PBXFileSystemSynchronizedRootGroup;
			exceptions = (
				B53409712E4313F70029C85E /* Exceptions for "SajaWeather" folder in "SajaWeather" target */,
			);
			path = SajaWeather;
			sourceTree = "<group>";
		};
/* End PBXFileSystemSynchronizedRootGroup section */

/* Begin PBXFrameworksBuildPhase section */
		B534095C2E4313F50029C85E /* Frameworks */ = {
			isa = PBXFrameworksBuildPhase;
			buildActionMask = 2147483647;
			files = (
				B57A371D2E4B5C7E002A87E7 /* RxFlow in Frameworks */,
				B53409892E4316670029C85E /* RxSwift in Frameworks */,
				B53409872E4316670029C85E /* RxRelay in Frameworks */,
				369A3C542E4A2A7600996D15 /* HostingView in Frameworks */,
				36CF10B42E4B64C30014419D /* RxFlow in Frameworks */,
				B534097C2E4316380029C85E /* SnapKit in Frameworks */,
				B53409822E4316510029C85E /* ReactorKit in Frameworks */,
				B53410762E445FED0029C85E /* RxMoya in Frameworks */,
				B53409852E4316670029C85E /* RxCocoa in Frameworks */,
				B534097F2E4316430029C85E /* Then in Frameworks */,
			);
			runOnlyForDeploymentPostprocessing = 0;
		};
/* End PBXFrameworksBuildPhase section */

/* Begin PBXGroup section */
		B53409562E4313F50029C85E = {
			isa = PBXGroup;
			children = (
				B534098D2E4319920029C85E /* .editorconfig */,
				B534098B2E4317340029C85E /* .swiftlint.yml */,
				B5340DAE2E4375E30029C85E /* Config.xcconfig */,
				B53409612E4313F50029C85E /* SajaWeather */,
				B53409602E4313F50029C85E /* Products */,
			);
			sourceTree = "<group>";
		};
		B53409602E4313F50029C85E /* Products */ = {
			isa = PBXGroup;
			children = (
				B534095F2E4313F50029C85E /* SajaWeather.app */,
			);
			name = Products;
			sourceTree = "<group>";
		};
/* End PBXGroup section */

/* Begin PBXNativeTarget section */
		B534095E2E4313F50029C85E /* SajaWeather */ = {
			isa = PBXNativeTarget;
			buildConfigurationList = B53409722E4313F70029C85E /* Build configuration list for PBXNativeTarget "SajaWeather" */;
			buildPhases = (
				B534098A2E4316CA0029C85E /* SwiftLint Script */,
				B534095B2E4313F50029C85E /* Sources */,
				B534095C2E4313F50029C85E /* Frameworks */,
				B534095D2E4313F50029C85E /* Resources */,
			);
			buildRules = (
			);
			dependencies = (
			);
			fileSystemSynchronizedGroups = (
				B53409612E4313F50029C85E /* SajaWeather */,
			);
			name = SajaWeather;
			packageProductDependencies = (
				B534097B2E4316380029C85E /* SnapKit */,
				B534097E2E4316430029C85E /* Then */,
				B53409812E4316510029C85E /* ReactorKit */,
				B53409842E4316670029C85E /* RxCocoa */,
				B53409862E4316670029C85E /* RxRelay */,
				B53409882E4316670029C85E /* RxSwift */,
				B53410752E445FED0029C85E /* RxMoya */,
				B57A371C2E4B5C7E002A87E7 /* RxFlow */,
				369A3C532E4A2A7600996D15 /* HostingView */,
				36CF10B32E4B64C30014419D /* RxFlow */,
			);
			productName = SajaWeather;
			productReference = B534095F2E4313F50029C85E /* SajaWeather.app */;
			productType = "com.apple.product-type.application";
		};
/* End PBXNativeTarget section */

/* Begin PBXProject section */
		B53409572E4313F50029C85E /* Project object */ = {
			isa = PBXProject;
			attributes = {
				BuildIndependentTargetsInParallel = 1;
				LastSwiftUpdateCheck = 1640;
				LastUpgradeCheck = 1640;
				TargetAttributes = {
					B534095E2E4313F50029C85E = {
						CreatedOnToolsVersion = 16.4;
					};
				};
			};
			buildConfigurationList = B534095A2E4313F50029C85E /* Build configuration list for PBXProject "SajaWeather" */;
			developmentRegion = en;
			hasScannedForEncodings = 0;
			knownRegions = (
				en,
				Base,
			);
			mainGroup = B53409562E4313F50029C85E;
			minimizedProjectReferenceProxies = 1;
			packageReferences = (
				B534097A2E4316380029C85E /* XCRemoteSwiftPackageReference "SnapKit" */,
				B534097D2E4316430029C85E /* XCRemoteSwiftPackageReference "Then" */,
				B53409802E4316510029C85E /* XCRemoteSwiftPackageReference "ReactorKit" */,
				B53409832E4316670029C85E /* XCRemoteSwiftPackageReference "RxSwift" */,
				B53410742E445FED0029C85E /* XCRemoteSwiftPackageReference "Moya" */,
				B57A371B2E4B5C7E002A87E7 /* XCRemoteSwiftPackageReference "RxFlow" */,
				369A3C522E4A2A7600996D15 /* XCRemoteSwiftPackageReference "HostingView" */,
				36CF10B22E4B64C30014419D /* XCRemoteSwiftPackageReference "RxFlow" */,
			);
			preferredProjectObjectVersion = 77;
			productRefGroup = B53409602E4313F50029C85E /* Products */;
			projectDirPath = "";
			projectRoot = "";
			targets = (
				B534095E2E4313F50029C85E /* SajaWeather */,
			);
		};
/* End PBXProject section */

/* Begin PBXResourcesBuildPhase section */
		B534095D2E4313F50029C85E /* Resources */ = {
			isa = PBXResourcesBuildPhase;
			buildActionMask = 2147483647;
			files = (
				B534098E2E4319920029C85E /* .editorconfig in Resources */,
				B5340DAF2E4375E30029C85E /* Config.xcconfig in Resources */,
				B534098C2E4317340029C85E /* .swiftlint.yml in Resources */,
			);
			runOnlyForDeploymentPostprocessing = 0;
		};
/* End PBXResourcesBuildPhase section */

/* Begin PBXShellScriptBuildPhase section */
		B534098A2E4316CA0029C85E /* SwiftLint Script */ = {
			isa = PBXShellScriptBuildPhase;
			buildActionMask = 2147483647;
			files = (
			);
			inputFileListPaths = (
			);
			inputPaths = (
			);
			name = "SwiftLint Script";
			outputFileListPaths = (
			);
			outputPaths = (
			);
			runOnlyForDeploymentPostprocessing = 0;
			shellPath = /bin/sh;
			shellScript = "# Type a script or drag a script file from your workspace to insert its path.\nif [[ \"$(uname -m)\" == arm64 ]]; then\n    export PATH=\"/opt/homebrew/bin:$PATH\"\nfi\n\nif which swiftlint > /dev/null; then\n  swiftlint\nelse\n  echo \"warning: SwiftLint not installed, download from https://github.com/realm/SwiftLint\"\nfi\n";
		};
/* End PBXShellScriptBuildPhase section */

/* Begin PBXSourcesBuildPhase section */
		B534095B2E4313F50029C85E /* Sources */ = {
			isa = PBXSourcesBuildPhase;
			buildActionMask = 2147483647;
			files = (
			);
			runOnlyForDeploymentPostprocessing = 0;
		};
/* End PBXSourcesBuildPhase section */

/* Begin XCBuildConfiguration section */
		B53409732E4313F70029C85E /* Debug */ = {
			isa = XCBuildConfiguration;
			baseConfigurationReference = B5340DAE2E4375E30029C85E /* Config.xcconfig */;
			buildSettings = {
				ASSETCATALOG_COMPILER_APPICON_NAME = AppIcon;
				ASSETCATALOG_COMPILER_GLOBAL_ACCENT_COLOR_NAME = AccentColor;
				CODE_SIGN_STYLE = Automatic;
				CURRENT_PROJECT_VERSION = 1;
				DEVELOPMENT_TEAM = 2WSJ3W54FF;
				ENABLE_USER_SCRIPT_SANDBOXING = NO;
				GENERATE_INFOPLIST_FILE = YES;
				INFOPLIST_FILE = SajaWeather/Info.plist;
				INFOPLIST_KEY_UIApplicationSupportsIndirectInputEvents = YES;
				INFOPLIST_KEY_UILaunchStoryboardName = LaunchScreen;
				INFOPLIST_KEY_UISupportedInterfaceOrientations_iPad = "UIInterfaceOrientationPortrait UIInterfaceOrientationPortraitUpsideDown UIInterfaceOrientationLandscapeLeft UIInterfaceOrientationLandscapeRight";
				INFOPLIST_KEY_UISupportedInterfaceOrientations_iPhone = "UIInterfaceOrientationPortrait UIInterfaceOrientationLandscapeLeft UIInterfaceOrientationLandscapeRight";
				IPHONEOS_DEPLOYMENT_TARGET = 16.6;
				LD_RUNPATH_SEARCH_PATHS = (
					"$(inherited)",
					"@executable_path/Frameworks",
				);
				MARKETING_VERSION = 1.0;
				PRODUCT_BUNDLE_IDENTIFIER = com.sophia.SajaWeather;
				PRODUCT_NAME = "$(TARGET_NAME)";
				SUPPORTED_PLATFORMS = "iphoneos iphonesimulator";
				SUPPORTS_MACCATALYST = NO;
				SUPPORTS_MAC_DESIGNED_FOR_IPHONE_IPAD = NO;
				SUPPORTS_XR_DESIGNED_FOR_IPHONE_IPAD = NO;
				SWIFT_EMIT_LOC_STRINGS = YES;
				SWIFT_VERSION = 5.0;
				TARGETED_DEVICE_FAMILY = "1,2";
			};
			name = Debug;
		};
		B53409742E4313F70029C85E /* Release */ = {
			isa = XCBuildConfiguration;
			baseConfigurationReference = B5340DAE2E4375E30029C85E /* Config.xcconfig */;
			buildSettings = {
				ASSETCATALOG_COMPILER_APPICON_NAME = AppIcon;
				ASSETCATALOG_COMPILER_GLOBAL_ACCENT_COLOR_NAME = AccentColor;
				CODE_SIGN_STYLE = Automatic;
				CURRENT_PROJECT_VERSION = 1;
				DEVELOPMENT_TEAM = 2WSJ3W54FF;
				ENABLE_USER_SCRIPT_SANDBOXING = NO;
				GENERATE_INFOPLIST_FILE = YES;
				INFOPLIST_FILE = SajaWeather/Info.plist;
				INFOPLIST_KEY_UIApplicationSupportsIndirectInputEvents = YES;
				INFOPLIST_KEY_UILaunchStoryboardName = LaunchScreen;
				INFOPLIST_KEY_UISupportedInterfaceOrientations_iPad = "UIInterfaceOrientationPortrait UIInterfaceOrientationPortraitUpsideDown UIInterfaceOrientationLandscapeLeft UIInterfaceOrientationLandscapeRight";
				INFOPLIST_KEY_UISupportedInterfaceOrientations_iPhone = "UIInterfaceOrientationPortrait UIInterfaceOrientationLandscapeLeft UIInterfaceOrientationLandscapeRight";
				IPHONEOS_DEPLOYMENT_TARGET = 16.6;
				LD_RUNPATH_SEARCH_PATHS = (
					"$(inherited)",
					"@executable_path/Frameworks",
				);
				MARKETING_VERSION = 1.0;
				PRODUCT_BUNDLE_IDENTIFIER = com.sophia.SajaWeather;
				PRODUCT_NAME = "$(TARGET_NAME)";
				SUPPORTED_PLATFORMS = "iphoneos iphonesimulator";
				SUPPORTS_MACCATALYST = NO;
				SUPPORTS_MAC_DESIGNED_FOR_IPHONE_IPAD = NO;
				SUPPORTS_XR_DESIGNED_FOR_IPHONE_IPAD = NO;
				SWIFT_EMIT_LOC_STRINGS = YES;
				SWIFT_VERSION = 5.0;
				TARGETED_DEVICE_FAMILY = "1,2";
			};
			name = Release;
		};
		B53409752E4313F70029C85E /* Debug */ = {
			isa = XCBuildConfiguration;
			buildSettings = {
				ALWAYS_SEARCH_USER_PATHS = NO;
				ASSETCATALOG_COMPILER_GENERATE_SWIFT_ASSET_SYMBOL_EXTENSIONS = YES;
				CLANG_ANALYZER_NONNULL = YES;
				CLANG_ANALYZER_NUMBER_OBJECT_CONVERSION = YES_AGGRESSIVE;
				CLANG_CXX_LANGUAGE_STANDARD = "gnu++20";
				CLANG_ENABLE_MODULES = YES;
				CLANG_ENABLE_OBJC_ARC = YES;
				CLANG_ENABLE_OBJC_WEAK = YES;
				CLANG_WARN_BLOCK_CAPTURE_AUTORELEASING = YES;
				CLANG_WARN_BOOL_CONVERSION = YES;
				CLANG_WARN_COMMA = YES;
				CLANG_WARN_CONSTANT_CONVERSION = YES;
				CLANG_WARN_DEPRECATED_OBJC_IMPLEMENTATIONS = YES;
				CLANG_WARN_DIRECT_OBJC_ISA_USAGE = YES_ERROR;
				CLANG_WARN_DOCUMENTATION_COMMENTS = YES;
				CLANG_WARN_EMPTY_BODY = YES;
				CLANG_WARN_ENUM_CONVERSION = YES;
				CLANG_WARN_INFINITE_RECURSION = YES;
				CLANG_WARN_INT_CONVERSION = YES;
				CLANG_WARN_NON_LITERAL_NULL_CONVERSION = YES;
				CLANG_WARN_OBJC_IMPLICIT_RETAIN_SELF = YES;
				CLANG_WARN_OBJC_LITERAL_CONVERSION = YES;
				CLANG_WARN_OBJC_ROOT_CLASS = YES_ERROR;
				CLANG_WARN_QUOTED_INCLUDE_IN_FRAMEWORK_HEADER = YES;
				CLANG_WARN_RANGE_LOOP_ANALYSIS = YES;
				CLANG_WARN_STRICT_PROTOTYPES = YES;
				CLANG_WARN_SUSPICIOUS_MOVE = YES;
				CLANG_WARN_UNGUARDED_AVAILABILITY = YES_AGGRESSIVE;
				CLANG_WARN_UNREACHABLE_CODE = YES;
				CLANG_WARN__DUPLICATE_METHOD_MATCH = YES;
				COPY_PHASE_STRIP = NO;
				DEBUG_INFORMATION_FORMAT = dwarf;
				DEVELOPMENT_TEAM = 2WSJ3W54FF;
				ENABLE_STRICT_OBJC_MSGSEND = YES;
				ENABLE_TESTABILITY = YES;
				ENABLE_USER_SCRIPT_SANDBOXING = YES;
				GCC_C_LANGUAGE_STANDARD = gnu17;
				GCC_DYNAMIC_NO_PIC = NO;
				GCC_NO_COMMON_BLOCKS = YES;
				GCC_OPTIMIZATION_LEVEL = 0;
				GCC_PREPROCESSOR_DEFINITIONS = (
					"DEBUG=1",
					"$(inherited)",
				);
				GCC_WARN_64_TO_32_BIT_CONVERSION = YES;
				GCC_WARN_ABOUT_RETURN_TYPE = YES_ERROR;
				GCC_WARN_UNDECLARED_SELECTOR = YES;
				GCC_WARN_UNINITIALIZED_AUTOS = YES_AGGRESSIVE;
				GCC_WARN_UNUSED_FUNCTION = YES;
				GCC_WARN_UNUSED_VARIABLE = YES;
				IPHONEOS_DEPLOYMENT_TARGET = 18.5;
				LOCALIZATION_PREFERS_STRING_CATALOGS = YES;
				MTL_ENABLE_DEBUG_INFO = INCLUDE_SOURCE;
				MTL_FAST_MATH = YES;
				ONLY_ACTIVE_ARCH = YES;
				SDKROOT = iphoneos;
				SWIFT_ACTIVE_COMPILATION_CONDITIONS = "DEBUG $(inherited)";
				SWIFT_OPTIMIZATION_LEVEL = "-Onone";
			};
			name = Debug;
		};
		B53409762E4313F70029C85E /* Release */ = {
			isa = XCBuildConfiguration;
			buildSettings = {
				ALWAYS_SEARCH_USER_PATHS = NO;
				ASSETCATALOG_COMPILER_GENERATE_SWIFT_ASSET_SYMBOL_EXTENSIONS = YES;
				CLANG_ANALYZER_NONNULL = YES;
				CLANG_ANALYZER_NUMBER_OBJECT_CONVERSION = YES_AGGRESSIVE;
				CLANG_CXX_LANGUAGE_STANDARD = "gnu++20";
				CLANG_ENABLE_MODULES = YES;
				CLANG_ENABLE_OBJC_ARC = YES;
				CLANG_ENABLE_OBJC_WEAK = YES;
				CLANG_WARN_BLOCK_CAPTURE_AUTORELEASING = YES;
				CLANG_WARN_BOOL_CONVERSION = YES;
				CLANG_WARN_COMMA = YES;
				CLANG_WARN_CONSTANT_CONVERSION = YES;
				CLANG_WARN_DEPRECATED_OBJC_IMPLEMENTATIONS = YES;
				CLANG_WARN_DIRECT_OBJC_ISA_USAGE = YES_ERROR;
				CLANG_WARN_DOCUMENTATION_COMMENTS = YES;
				CLANG_WARN_EMPTY_BODY = YES;
				CLANG_WARN_ENUM_CONVERSION = YES;
				CLANG_WARN_INFINITE_RECURSION = YES;
				CLANG_WARN_INT_CONVERSION = YES;
				CLANG_WARN_NON_LITERAL_NULL_CONVERSION = YES;
				CLANG_WARN_OBJC_IMPLICIT_RETAIN_SELF = YES;
				CLANG_WARN_OBJC_LITERAL_CONVERSION = YES;
				CLANG_WARN_OBJC_ROOT_CLASS = YES_ERROR;
				CLANG_WARN_QUOTED_INCLUDE_IN_FRAMEWORK_HEADER = YES;
				CLANG_WARN_RANGE_LOOP_ANALYSIS = YES;
				CLANG_WARN_STRICT_PROTOTYPES = YES;
				CLANG_WARN_SUSPICIOUS_MOVE = YES;
				CLANG_WARN_UNGUARDED_AVAILABILITY = YES_AGGRESSIVE;
				CLANG_WARN_UNREACHABLE_CODE = YES;
				CLANG_WARN__DUPLICATE_METHOD_MATCH = YES;
				COPY_PHASE_STRIP = NO;
				DEBUG_INFORMATION_FORMAT = "dwarf-with-dsym";
				DEVELOPMENT_TEAM = 2WSJ3W54FF;
				ENABLE_NS_ASSERTIONS = NO;
				ENABLE_STRICT_OBJC_MSGSEND = YES;
				ENABLE_USER_SCRIPT_SANDBOXING = YES;
				GCC_C_LANGUAGE_STANDARD = gnu17;
				GCC_NO_COMMON_BLOCKS = YES;
				GCC_WARN_64_TO_32_BIT_CONVERSION = YES;
				GCC_WARN_ABOUT_RETURN_TYPE = YES_ERROR;
				GCC_WARN_UNDECLARED_SELECTOR = YES;
				GCC_WARN_UNINITIALIZED_AUTOS = YES_AGGRESSIVE;
				GCC_WARN_UNUSED_FUNCTION = YES;
				GCC_WARN_UNUSED_VARIABLE = YES;
				IPHONEOS_DEPLOYMENT_TARGET = 18.5;
				LOCALIZATION_PREFERS_STRING_CATALOGS = YES;
				MTL_ENABLE_DEBUG_INFO = NO;
				MTL_FAST_MATH = YES;
				SDKROOT = iphoneos;
				SWIFT_COMPILATION_MODE = wholemodule;
				VALIDATE_PRODUCT = YES;
			};
			name = Release;
		};
/* End XCBuildConfiguration section */

/* Begin XCConfigurationList section */
		B534095A2E4313F50029C85E /* Build configuration list for PBXProject "SajaWeather" */ = {
			isa = XCConfigurationList;
			buildConfigurations = (
				B53409752E4313F70029C85E /* Debug */,
				B53409762E4313F70029C85E /* Release */,
			);
			defaultConfigurationIsVisible = 0;
			defaultConfigurationName = Release;
		};
		B53409722E4313F70029C85E /* Build configuration list for PBXNativeTarget "SajaWeather" */ = {
			isa = XCConfigurationList;
			buildConfigurations = (
				B53409732E4313F70029C85E /* Debug */,
				B53409742E4313F70029C85E /* Release */,
			);
			defaultConfigurationIsVisible = 0;
			defaultConfigurationName = Release;
		};
/* End XCConfigurationList section */

/* Begin XCRemoteSwiftPackageReference section */
		369A3C522E4A2A7600996D15 /* XCRemoteSwiftPackageReference "HostingView" */ = {
			isa = XCRemoteSwiftPackageReference;
			repositoryURL = "https://github.com/Jaesung-Jung/HostingView";
			requirement = {
				kind = upToNextMajorVersion;
				minimumVersion = 1.3.0;
			};
		};
		36CF10B22E4B64C30014419D /* XCRemoteSwiftPackageReference "RxFlow" */ = {
			isa = XCRemoteSwiftPackageReference;
			repositoryURL = "https://github.com/RxSwiftCommunity/RxFlow";
			requirement = {
				kind = upToNextMajorVersion;
				minimumVersion = 2.13.2;
			};
		};
		B534097A2E4316380029C85E /* XCRemoteSwiftPackageReference "SnapKit" */ = {
			isa = XCRemoteSwiftPackageReference;
			repositoryURL = "https://github.com/SnapKit/SnapKit.git";
			requirement = {
				kind = upToNextMajorVersion;
				minimumVersion = 5.7.1;
			};
		};
		B534097D2E4316430029C85E /* XCRemoteSwiftPackageReference "Then" */ = {
			isa = XCRemoteSwiftPackageReference;
			repositoryURL = "https://github.com/devxoul/Then.git";
			requirement = {
				kind = upToNextMajorVersion;
				minimumVersion = 3.0.0;
			};
		};
		B53409802E4316510029C85E /* XCRemoteSwiftPackageReference "ReactorKit" */ = {
			isa = XCRemoteSwiftPackageReference;
			repositoryURL = "https://github.com/ReactorKit/ReactorKit.git";
			requirement = {
				kind = upToNextMajorVersion;
				minimumVersion = 3.2.0;
			};
		};
		B53409832E4316670029C85E /* XCRemoteSwiftPackageReference "RxSwift" */ = {
			isa = XCRemoteSwiftPackageReference;
			repositoryURL = "https://github.com/ReactiveX/RxSwift.git";
			requirement = {
				kind = upToNextMajorVersion;
				minimumVersion = 6.9.0;
			};
		};
		B53410742E445FED0029C85E /* XCRemoteSwiftPackageReference "Moya" */ = {
			isa = XCRemoteSwiftPackageReference;
			repositoryURL = "https://github.com/Moya/Moya.git";
			requirement = {
				kind = upToNextMajorVersion;
				minimumVersion = 15.0.3;
			};
		};
		B57A371B2E4B5C7E002A87E7 /* XCRemoteSwiftPackageReference "RxFlow" */ = {
			isa = XCRemoteSwiftPackageReference;
			repositoryURL = "https://github.com/RxSwiftCommunity/RxFlow.git";
			requirement = {
				kind = upToNextMajorVersion;
				minimumVersion = 2.13.2;
			};
		};
/* End XCRemoteSwiftPackageReference section */

/* Begin XCSwiftPackageProductDependency section */
		369A3C532E4A2A7600996D15 /* HostingView */ = {
			isa = XCSwiftPackageProductDependency;
			package = 369A3C522E4A2A7600996D15 /* XCRemoteSwiftPackageReference "HostingView" */;
			productName = HostingView;
		};
		36CF10B32E4B64C30014419D /* RxFlow */ = {
			isa = XCSwiftPackageProductDependency;
			package = 36CF10B22E4B64C30014419D /* XCRemoteSwiftPackageReference "RxFlow" */;
			productName = RxFlow;
		};
		B534097B2E4316380029C85E /* SnapKit */ = {
			isa = XCSwiftPackageProductDependency;
			package = B534097A2E4316380029C85E /* XCRemoteSwiftPackageReference "SnapKit" */;
			productName = SnapKit;
		};
		B534097E2E4316430029C85E /* Then */ = {
			isa = XCSwiftPackageProductDependency;
			package = B534097D2E4316430029C85E /* XCRemoteSwiftPackageReference "Then" */;
			productName = Then;
		};
		B53409812E4316510029C85E /* ReactorKit */ = {
			isa = XCSwiftPackageProductDependency;
			package = B53409802E4316510029C85E /* XCRemoteSwiftPackageReference "ReactorKit" */;
			productName = ReactorKit;
		};
		B53409842E4316670029C85E /* RxCocoa */ = {
			isa = XCSwiftPackageProductDependency;
			package = B53409832E4316670029C85E /* XCRemoteSwiftPackageReference "RxSwift" */;
			productName = RxCocoa;
		};
		B53409862E4316670029C85E /* RxRelay */ = {
			isa = XCSwiftPackageProductDependency;
			package = B53409832E4316670029C85E /* XCRemoteSwiftPackageReference "RxSwift" */;
			productName = RxRelay;
		};
		B53409882E4316670029C85E /* RxSwift */ = {
			isa = XCSwiftPackageProductDependency;
			package = B53409832E4316670029C85E /* XCRemoteSwiftPackageReference "RxSwift" */;
			productName = RxSwift;
		};
		B53410752E445FED0029C85E /* RxMoya */ = {
			isa = XCSwiftPackageProductDependency;
			package = B53410742E445FED0029C85E /* XCRemoteSwiftPackageReference "Moya" */;
			productName = RxMoya;
		};
		B57A371C2E4B5C7E002A87E7 /* RxFlow */ = {
			isa = XCSwiftPackageProductDependency;
			package = B57A371B2E4B5C7E002A87E7 /* XCRemoteSwiftPackageReference "RxFlow" */;
			productName = RxFlow;
		};
/* End XCSwiftPackageProductDependency section */
	};
	rootObject = B53409572E4313F50029C85E /* Project object */;
}
